
Microsoft Visual Studio Solution File, Format Version 12.00
Project("{FAE04EC0-301F-11D3-BF4B-00C04F79EFBC}") = "FunctionalStringExtensions", "src\FunctionalStringExtensions.csproj", "{1C8497A1-B085-4410-B7FB-C4E28D4D664D}"
EndProject
Project("{FAE04EC0-301F-11D3-BF4B-00C04F79EFBC}") = "FunctionalStringExtensionsTests", "tests\FunctionalStringExtensionsTests\FunctionalStringExtensionsTests.csproj", "{B46BCA77-C8BD-4335-9006-57D107F43ABC}"
EndProject
Global
	GlobalSection(SolutionConfigurationPlatforms) = preSolution
		Debug|Any CPU = Debug|Any CPU
		Release|Any CPU = Release|Any CPU
	EndGlobalSection
	GlobalSection(ProjectConfigurationPlatforms) = postSolution
		{1C8497A1-B085-4410-B7FB-C4E28D4D664D}.Debug|Any CPU.ActiveCfg = Debug|Any CPU
		{1C8497A1-B085-4410-B7FB-C4E28D4D664D}.Debug|Any CPU.Build.0 = Debug|Any CPU
		{1C8497A1-B085-4410-B7FB-C4E28D4D664D}.Release|Any CPU.ActiveCfg = Release|Any CPU
		{1C8497A1-B085-4410-B7FB-C4E28D4D664D}.Release|Any CPU.Build.0 = Release|Any CPU
		{B46BCA77-C8BD-4335-9006-57D107F43ABC}.Debug|Any CPU.ActiveCfg = Debug|Any CPU
		{B46BCA77-C8BD-4335-9006-57D107F43ABC}.Debug|Any CPU.Build.0 = Debug|Any CPU
		{B46BCA77-C8BD-4335-9006-57D107F43ABC}.Release|Any CPU.ActiveCfg = Release|Any CPU
		{B46BCA77-C8BD-4335-9006-57D107F43ABC}.Release|Any CPU.Build.0 = Release|Any CPU
	EndGlobalSection
EndGlobal
